
Microsoft Visual Studio Solution File, Format Version 12.00
# Visual Studio Version 17
VisualStudioVersion = 17.5.002.0
MinimumVisualStudioVersion = 10.0.40219.1
Project("{9A19103F-16F7-4668-BE54-9A1E7A4F7556}") = "nw02", "nw02.csproj", "{EDEE02E7-3CAD-4AF2-9034-F76CD326E05F}"
EndProject
Global
	GlobalSection(SolutionConfigurationPlatforms) = preSolution
		Debug|Any CPU = Debug|Any CPU
		Release|Any CPU = Release|Any CPU
	EndGlobalSection
	GlobalSection(ProjectConfigurationPlatforms) = postSolution
		{EDEE02E7-3CAD-4AF2-9034-F76CD326E05F}.Debug|Any CPU.ActiveCfg = Debug|Any CPU
		{EDEE02E7-3CAD-4AF2-9034-F76CD326E05F}.Debug|Any CPU.Build.0 = Debug|Any CPU
		{EDEE02E7-3CAD-4AF2-9034-F76CD326E05F}.Release|Any CPU.ActiveCfg = Release|Any CPU
		{EDEE02E7-3CAD-4AF2-9034-F76CD326E05F}.Release|Any CPU.Build.0 = Release|Any CPU
	EndGlobalSection
	GlobalSection(SolutionProperties) = preSolution
		HideSolutionNode = FALSE
	EndGlobalSection
	GlobalSection(ExtensibilityGlobals) = postSolution
		SolutionGuid = {E33BF938-5723-4C1C-A8DF-ED372A7B75C6}
	EndGlobalSection
EndGlobal
